
Microsoft Visual Studio Solution File, Format Version 12.00
# Visual Studio 15
VisualStudioVersion = 15.0.28010.2003
MinimumVisualStudioVersion = 10.0.40219.1
Project("{9A19103F-16F7-4668-BE54-9A1E7A4F7556}") = "tests", "tests\tests.csproj", "{5B770E21-AA86-4CD3-AEC8-435EA3B5B6B8}"
EndProject
Project("{FAE04EC0-301F-11D3-BF4B-00C04F79EFBC}") = "lib", "lib\lib.csproj", "{DD5FF942-BE70-4F50-A53B-2279381DA207}"
EndProject
Global
	GlobalSection(SolutionConfigurationPlatforms) = preSolution
		Debug|Any CPU = Debug|Any CPU
		Release|Any CPU = Release|Any CPU
	EndGlobalSection
	GlobalSection(ProjectConfigurationPlatforms) = postSolution
		{5B770E21-AA86-4CD3-AEC8-435EA3B5B6B8}.Debug|Any CPU.ActiveCfg = Debug|Any CPU
		{5B770E21-AA86-4CD3-AEC8-435EA3B5B6B8}.Debug|Any CPU.Build.0 = Debug|Any CPU
		{5B770E21-AA86-4CD3-AEC8-435EA3B5B6B8}.Release|Any CPU.ActiveCfg = Release|Any CPU
		{5B770E21-AA86-4CD3-AEC8-435EA3B5B6B8}.Release|Any CPU.Build.0 = Release|Any CPU
		{DD5FF942-BE70-4F50-A53B-2279381DA207}.Debug|Any CPU.ActiveCfg = Debug|Any CPU
		{DD5FF942-BE70-4F50-A53B-2279381DA207}.Debug|Any CPU.Build.0 = Debug|Any CPU
		{DD5FF942-BE70-4F50-A53B-2279381DA207}.Release|Any CPU.ActiveCfg = Release|Any CPU
		{DD5FF942-BE70-4F50-A53B-2279381DA207}.Release|Any CPU.Build.0 = Release|Any CPU
	EndGlobalSection
	GlobalSection(SolutionProperties) = preSolution
		HideSolutionNode = FALSE
	EndGlobalSection
	GlobalSection(ExtensibilityGlobals) = postSolution
		SolutionGuid = {EF3FA4FF-EFEF-449F-9AAA-256CD0CC5CF5}
	EndGlobalSection
EndGlobal
